{
  "requires": true,
  "lockfileVersion": 1,
  "dependencies": {
    "@ckeditor/ckeditor5-build-classic": {
      "version": "12.1.0",
      "resolved": "https://registry.npmjs.org/@ckeditor/ckeditor5-build-classic/-/ckeditor5-build-classic-12.1.0.tgz",
      "integrity": "sha512-SYT+stYBS8JqxWZNye5x9AlwNmwY7+bp2IKNdZDsolKFF1CjOC18gmIB4isGfINzFgn/ke1H21XDenZYp3IxqA=="
    },
    "core-util-is": {
      "version": "1.0.2",
      "resolved": "https://registry.npmjs.org/core-util-is/-/core-util-is-1.0.2.tgz",
      "integrity": "sha1-tf1UIgqivFq1eqtxQMlAdUUDwac="
    },
    "dropzone": {
      "version": "5.5.1",
      "resolved": "https://registry.npmjs.org/dropzone/-/dropzone-5.5.1.tgz",
      "integrity": "sha512-3VduRWLxx9hbVr42QieQN25mx/I61/mRdUSuxAmDGdDqZIN8qtP7tcKMa3KfpJjuGjOJGYYUzzeq6eGDnkzesA=="
    },
    "inherits": {
      "version": "2.0.3",
      "resolved": "https://registry.npmjs.org/inherits/-/inherits-2.0.3.tgz",
      "integrity": "sha1-Yzwsg+PaQqUC9SRmAiSA9CCCYd4="
    },
    "inputmask": {
      "version": "4.0.7",
      "resolved": "https://registry.npmjs.org/inputmask/-/inputmask-4.0.7.tgz",
      "integrity": "sha512-ubxlOviapEbiyzrL2vxr2CU4MWYYiaajXsMyVjahE1+Ku1MY6E+n+Cxw/cKGFzQ4EBtNXb5IqBMzr9vdDzZKJg=="
    },
    "isarray": {
      "version": "1.0.0",
      "resolved": "https://registry.npmjs.org/isarray/-/isarray-1.0.0.tgz",
      "integrity": "sha1-u5NdSFgsuhaMBoNJV6VKPgcSTxE="
    },
    "jquery": {
      "version": "3.4.0",
      "resolved": "https://registry.npmjs.org/jquery/-/jquery-3.4.0.tgz",
      "integrity": "sha512-ggRCXln9zEqv6OqAGXFEcshF5dSBvCkzj6Gm2gzuR5fWawaX8t7cxKVkkygKODrDAzKdoYw3l/e3pm3vlT4IbQ=="
    },
    "jsrender": {
      "version": "1.0.2",
      "resolved": "https://registry.npmjs.org/jsrender/-/jsrender-1.0.2.tgz",
      "integrity": "sha512-arqFNqzwlPlYMQ3pBL3imL4cXsBDOpoeHvvzC7l1CM4Exjgb2y8FmF/1a2sO1JGWfrv4oQCKcN7Ynp9XoP/8tg==",
      "requires": {
        "through2": "^2.0.0"
      }
    },
    "jstree": {
      "version": "3.3.7",
      "resolved": "https://registry.npmjs.org/jstree/-/jstree-3.3.7.tgz",
      "integrity": "sha512-yzzalO1TbZ4HdPezO43LesGI4Wv2sB0Nl+4GfwO0YYvehGws5qtTAhlBISxfur9phMLwCtf9GjHlRx2ZLXyRnw==",
      "requires": {
        "jquery": ">=1.9.1"
      }
    },
    "paginationjs": {
      "version": "2.1.4",
      "resolved": "https://registry.npmjs.org/paginationjs/-/paginationjs-2.1.4.tgz",
      "integrity": "sha512-A4V7YGOXDMIbUtiGdrmYTvnxxU+JTzg1Ktxd9Z+uSDOt9OxK9FfOlzAFKPNVnZDKKAm8lzFeSxVpTb+pGNWOxA=="
    },
    "process-nextick-args": {
      "version": "2.0.0",
      "resolved": "https://registry.npmjs.org/process-nextick-args/-/process-nextick-args-2.0.0.tgz",
      "integrity": "sha512-MtEC1TqN0EU5nephaJ4rAtThHtC86dNN9qCuEhtshvpVBkAW5ZO7BASN9REnF9eoXGcRub+pFuKEpOHE+HbEMw=="
    },
    "readable-stream": {
      "version": "2.3.6",
      "resolved": "https://registry.npmjs.org/readable-stream/-/readable-stream-2.3.6.tgz",
      "integrity": "sha512-tQtKA9WIAhBF3+VLAseyMqZeBjW0AHJoxOtYqSUZNJxauErmLbVm2FW1y+J/YA9dUrAC39ITejlZWhVIwawkKw==",
      "requires": {
        "core-util-is": "~1.0.0",
        "inherits": "~2.0.3",
        "isarray": "~1.0.0",
        "process-nextick-args": "~2.0.0",
        "safe-buffer": "~5.1.1",
        "string_decoder": "~1.1.1",
        "util-deprecate": "~1.0.1"
      }
    },
    "safe-buffer": {
      "version": "5.1.2",
      "resolved": "https://registry.npmjs.org/safe-buffer/-/safe-buffer-5.1.2.tgz",
      "integrity": "sha512-Gd2UZBJDkXlY7GbJxfsE8/nvKkUEU1G38c1siN6QP6a9PT9MmHB8GnpscSmMJSoF8LOIrt8ud/wPtojys4G6+g=="
    },
    "smooth-scroll": {
      "version": "16.0.3",
      "resolved": "https://registry.npmjs.org/smooth-scroll/-/smooth-scroll-16.0.3.tgz",
      "integrity": "sha512-Wnhk3tWeqVJRrSUxeLQ4r7MNQvc9MNlswyWfKqAQ9cc37D8VqTco/CicWcdHzSFEC4/9/kPPK3uY6oyY+mdRYg=="
    },
    "string_decoder": {
      "version": "1.1.1",
      "resolved": "https://registry.npmjs.org/string_decoder/-/string_decoder-1.1.1.tgz",
      "integrity": "sha512-n/ShnvDi6FHbbVfviro+WojiFzv+s8MPMHBczVePfUpDJLwoLT0ht1l4YwBCbi8pJAveEEdnkHyPyTP/mzRfwg==",
      "requires": {
        "safe-buffer": "~5.1.0"
      }
    },
    "through2": {
      "version": "2.0.5",
      "resolved": "https://registry.npmjs.org/through2/-/through2-2.0.5.tgz",
      "integrity": "sha512-/mrRod8xqpA+IHSLyGCQ2s8SPHiCDEeQJSep1jqLYeEUClOFG2Qsh+4FU6G9VeqpZnGW/Su8LQGc4YKni5rYSQ==",
      "requires": {
        "readable-stream": "~2.3.6",
        "xtend": "~4.0.1"
      }
    },
    "util-deprecate": {
      "version": "1.0.2",
      "resolved": "https://registry.npmjs.org/util-deprecate/-/util-deprecate-1.0.2.tgz",
      "integrity": "sha1-RQ1Nyfpw3nMnYvvS1KKJgUGaDM8="
    },
    "xtend": {
      "version": "4.0.1",
      "resolved": "https://registry.npmjs.org/xtend/-/xtend-4.0.1.tgz",
      "integrity": "sha1-pcbVMr5lbiPbgg77lDofBJmNY68="
    }
  }
}
